
Microsoft Visual Studio Solution File, Format Version 12.00
# Visual Studio Version 16
VisualStudioVersion = 16.0.33027.164
MinimumVisualStudioVersion = 10.0.40219.1
Project("{FAE04EC0-301F-11D3-BF4B-00C04F79EFBC}") = "Examen.Coppel.CalculoSueldo", "Examen.Coppel.CalculoSueldo\Examen.Coppel.CalculoSueldo.csproj", "{B249E790-55CC-4F7C-877C-AB8D68272F2E}"
EndProject
Global
	GlobalSection(SolutionConfigurationPlatforms) = preSolution
		Debug|Any CPU = Debug|Any CPU
		Release|Any CPU = Release|Any CPU
	EndGlobalSection
	GlobalSection(ProjectConfigurationPlatforms) = postSolution
		{B249E790-55CC-4F7C-877C-AB8D68272F2E}.Debug|Any CPU.ActiveCfg = Debug|Any CPU
		{B249E790-55CC-4F7C-877C-AB8D68272F2E}.Debug|Any CPU.Build.0 = Debug|Any CPU
		{B249E790-55CC-4F7C-877C-AB8D68272F2E}.Release|Any CPU.ActiveCfg = Release|Any CPU
		{B249E790-55CC-4F7C-877C-AB8D68272F2E}.Release|Any CPU.Build.0 = Release|Any CPU
	EndGlobalSection
	GlobalSection(SolutionProperties) = preSolution
		HideSolutionNode = FALSE
	EndGlobalSection
	GlobalSection(ExtensibilityGlobals) = postSolution
		SolutionGuid = {E5017074-E8C3-44E8-8309-4B3906C378AD}
	EndGlobalSection
EndGlobal
